
Microsoft Visual Studio Solution File, Format Version 12.00
# Visual Studio 15
VisualStudioVersion = 15.0.27004.2005
MinimumVisualStudioVersion = 10.0.40219.1
Project("{FAE04EC0-301F-11D3-BF4B-00C04F79EFBC}") = "Lab05", "Lab05\Lab05.csproj", "{524129D2-5711-4089-95F5-5E2E71934051}"
EndProject
Global
	GlobalSection(SolutionConfigurationPlatforms) = preSolution
		Debug|Any CPU = Debug|Any CPU
		Release|Any CPU = Release|Any CPU
	EndGlobalSection
	GlobalSection(ProjectConfigurationPlatforms) = postSolution
		{524129D2-5711-4089-95F5-5E2E71934051}.Debug|Any CPU.ActiveCfg = Debug|Any CPU
		{524129D2-5711-4089-95F5-5E2E71934051}.Debug|Any CPU.Build.0 = Debug|Any CPU
		{524129D2-5711-4089-95F5-5E2E71934051}.Release|Any CPU.ActiveCfg = Release|Any CPU
		{524129D2-5711-4089-95F5-5E2E71934051}.Release|Any CPU.Build.0 = Release|Any CPU
	EndGlobalSection
	GlobalSection(SolutionProperties) = preSolution
		HideSolutionNode = FALSE
	EndGlobalSection
	GlobalSection(ExtensibilityGlobals) = postSolution
		SolutionGuid = {72C3EFC5-E545-4381-855C-EABA003D0CBB}
	EndGlobalSection
EndGlobal
